
Microsoft Visual Studio Solution File, Format Version 12.00
# Visual Studio Version 17
VisualStudioVersion = 17.5.002.0
MinimumVisualStudioVersion = 10.0.40219.1
Project("{2150E333-8FDC-42A3-9474-1A3956D46DE8}") = "Sem3", "Sem3", "{2A1FC31F-7237-401C-BA60-A55EA2EA6498}"
EndProject
Project("{2150E333-8FDC-42A3-9474-1A3956D46DE8}") = "ISP", "ISP", "{DFCA0B85-E838-4C51-8ADF-88C6B51057EE}"
EndProject
Project("{9A19103F-16F7-4668-BE54-9A1E7A4F7556}") = "353503_KOKHAN_LAB2", "Sem3\ISP\353503_KOKHAN_LAB2\353503_KOKHAN_LAB2.csproj", "{E9931FEE-B049-4BB1-BACD-36ED98BD0DA0}"
EndProject
Project("{9A19103F-16F7-4668-BE54-9A1E7A4F7556}") = "353503_KOKHAN_LAB4", "Sem3\ISP\353503_KOKHAN_LAB4\353503_KOKHAN_LAB4.csproj", "{17227EB7-446A-4F67-AE8E-09D5307830C5}"
EndProject
Project("{9A19103F-16F7-4668-BE54-9A1E7A4F7556}") = "353503_KOKHAN_LAB1", "Sem3\ISP\353503_KOKHAN_LAB1\353503_KOKHAN_LAB1.csproj", "{44FFF2A5-91FF-4493-ACE3-D5C28787D371}"
EndProject
Project("{9A19103F-16F7-4668-BE54-9A1E7A4F7556}") = "353503_KOKHAN_LAB3", "Sem3\ISP\353503_KOKHAN_LAB3\353503_KOKHAN_LAB3.csproj", "{2C1F6EDB-5FF0-4631-A261-CBA052FDB526}"
EndProject
Project("{2150E333-8FDC-42A3-9474-1A3956D46DE8}") = "353503_KOKHAN_LAB5", "353503_KOKHAN_LAB5", "{3A3F1E2F-BEE4-4485-AE33-D795F32F9A6A}"
EndProject
Project("{9A19103F-16F7-4668-BE54-9A1E7A4F7556}") = "SerializerLib", "Sem3\ISP\353503_KOKHAN_LAB5\SerializerLib\SerializerLib.csproj", "{E84770D6-30AE-4AC7-A696-9152BAF2416B}"
EndProject
Project("{9A19103F-16F7-4668-BE54-9A1E7A4F7556}") = "LAB5", "Sem3\ISP\353503_KOKHAN_LAB5\LAB5\LAB5.csproj", "{A894CD53-9F06-4374-8578-F29DCF0BE8EB}"
EndProject
Project("{9A19103F-16F7-4668-BE54-9A1E7A4F7556}") = "LAB5.Domain", "Sem3\ISP\353503_KOKHAN_LAB5\LAB5.Domain\LAB5.Domain.csproj", "{98277995-F3BD-4B98-81F1-A8CECD6408E6}"
EndProject
Project("{2150E333-8FDC-42A3-9474-1A3956D46DE8}") = "353503_KOKHAN_LAB6", "353503_KOKHAN_LAB6", "{97A40828-6CB3-41B3-A68A-5228F21482C8}"
EndProject
Project("{9A19103F-16F7-4668-BE54-9A1E7A4F7556}") = "LAB6", "Sem3\ISP\353503_KOKHAN_LAB6\LAB6\LAB6.csproj", "{A34B5605-8114-469F-A6F6-7805D21EF0F2}"
EndProject
Project("{9A19103F-16F7-4668-BE54-9A1E7A4F7556}") = "DllLib", "Sem3\ISP\353503_KOKHAN_LAB6\DllLib\DllLib.csproj", "{BD6F434D-D08F-40B6-B078-FD0AE77C3EC8}"
EndProject
Project("{2150E333-8FDC-42A3-9474-1A3956D46DE8}") = "Sem2", "Sem2", "{98975E50-F740-4BBC-9870-49DA9084136E}"
EndProject
Project("{2150E333-8FDC-42A3-9474-1A3956D46DE8}") = "C#", "C#", "{CCF65FDC-2D11-48A5-B830-388B79780D51}"
EndProject
Project("{2150E333-8FDC-42A3-9474-1A3956D46DE8}") = "Лаба 5", "Лаба 5", "{2D641D3A-3162-42A1-8FF4-89226B566418}"
EndProject
Project("{2150E333-8FDC-42A3-9474-1A3956D46DE8}") = "lab5", "lab5", "{D1C06116-1F2D-467E-8C93-B61FE0270A13}"
EndProject
Project("{9A19103F-16F7-4668-BE54-9A1E7A4F7556}") = "Task1", "Sem2\C#\Лаба 5\lab5\Task1\Task1.csproj", "{15C3FCF2-617C-4A3D-AA15-2F5AC4E6323D}"
EndProject
Project("{2150E333-8FDC-42A3-9474-1A3956D46DE8}") = "Лаба 3", "Лаба 3", "{276D51A6-2F95-4C62-B31C-3E21A354CAF2}"
EndProject
Project("{2150E333-8FDC-42A3-9474-1A3956D46DE8}") = "lab3", "lab3", "{7CFD6394-06CB-4BEE-8963-FF67059B6396}"
EndProject
Project("{9A19103F-16F7-4668-BE54-9A1E7A4F7556}") = "Task2", "Sem2\C#\Лаба 3\lab3\Task2\Task2.csproj", "{C7999D7E-AE23-4EBC-8568-8066487B589B}"
EndProject
Project("{9A19103F-16F7-4668-BE54-9A1E7A4F7556}") = "Task1", "Sem2\C#\Лаба 3\lab3\Task1\Task1.csproj", "{980E2E1A-2041-4D97-8650-807D783B00C3}"
EndProject
Project("{9A19103F-16F7-4668-BE54-9A1E7A4F7556}") = "Task3", "Sem2\C#\Лаба 3\lab3\Task3\Task3.csproj", "{14E477D4-61C9-492F-BDAA-20D87A0D393F}"
EndProject
Project("{2150E333-8FDC-42A3-9474-1A3956D46DE8}") = "Лаба 7", "Лаба 7", "{5C51AAF7-7608-46E3-83EB-0D6AD62C6F09}"
EndProject
Project("{2150E333-8FDC-42A3-9474-1A3956D46DE8}") = "Lab7", "Lab7", "{B5771BBA-AE31-42A6-B832-658CF390D260}"
EndProject
Project("{9A19103F-16F7-4668-BE54-9A1E7A4F7556}") = "Task1", "Sem2\C#\Лаба 7\Lab7\Task1\Task1.csproj", "{C31459FC-6DE6-40E9-818E-A8A2A76CB74B}"
EndProject
Project("{2150E333-8FDC-42A3-9474-1A3956D46DE8}") = "Лаба 8", "Лаба 8", "{9D687776-81C8-4965-BFAE-43248607C937}"
EndProject
Project("{2150E333-8FDC-42A3-9474-1A3956D46DE8}") = "Lab8", "Lab8", "{2A33DF19-C50A-48F6-BC97-CFBEF6575D16}"
EndProject
Project("{9A19103F-16F7-4668-BE54-9A1E7A4F7556}") = "Task1", "Sem2\C#\Лаба 8\Lab8\Task1\Task1.csproj", "{2434467B-56F2-408B-83B2-504CE10C63FE}"
EndProject
Project("{2150E333-8FDC-42A3-9474-1A3956D46DE8}") = "Лаба 6", "Лаба 6", "{40C578F9-663E-4B75-A9F8-3C75D33AF6CD}"
EndProject
Project("{2150E333-8FDC-42A3-9474-1A3956D46DE8}") = "Lab6", "Lab6", "{04DA27D5-E6B3-4DA3-A757-770D6990C5E4}"
EndProject
Project("{9A19103F-16F7-4668-BE54-9A1E7A4F7556}") = "Task1", "Sem2\C#\Лаба 6\Lab6\Task1\Task1.csproj", "{36131F4C-FEFB-4B2E-95BE-2FE42F38A0B9}"
EndProject
Project("{2150E333-8FDC-42A3-9474-1A3956D46DE8}") = "Лаба 4", "Лаба 4", "{77D4D74C-8421-49BC-BF84-5CDBA8975EE0}"
EndProject
Project("{2150E333-8FDC-42A3-9474-1A3956D46DE8}") = "lab4", "lab4", "{740AEB21-95EE-468F-953F-2C7C328E46C8}"
EndProject
Project("{9A19103F-16F7-4668-BE54-9A1E7A4F7556}") = "1Task", "Sem2\C#\Лаба 4\lab4\1Task\1Task.csproj", "{2457687F-B09E-4266-B0A7-9E40055F9369}"
EndProject
Project("{2150E333-8FDC-42A3-9474-1A3956D46DE8}") = "Лаба 9", "Лаба 9", "{3B8BCAA4-B757-4D6E-9EB4-6F4681174A5D}"
EndProject
Project("{2150E333-8FDC-42A3-9474-1A3956D46DE8}") = "Lab9", "Lab9", "{ABE4AB0A-EAE0-4239-8AD6-5B9A7F69038D}"
EndProject
Project("{9A19103F-16F7-4668-BE54-9A1E7A4F7556}") = "Task1", "Sem2\C#\Лаба 9\Lab9\Task1\Task1.csproj", "{CB29D25F-DE00-42C1-AD4D-98C954A43869}"
EndProject
Project("{2150E333-8FDC-42A3-9474-1A3956D46DE8}") = "Лаба 2", "Лаба 2", "{4F1F2A46-0D4B-41FD-8E4A-767AE9A11388}"
EndProject
Project("{2150E333-8FDC-42A3-9474-1A3956D46DE8}") = "Task2", "Task2", "{CFA8B67E-9D74-4C84-8AEF-392F2CB1AB56}"
EndProject
Project("{9A19103F-16F7-4668-BE54-9A1E7A4F7556}") = "Task2", "Sem2\C#\Лаба 2\Task2\Task2\Task2.csproj", "{D885E9D9-FBC3-45CC-9F8A-C7036AFC563C}"
EndProject
Project("{2150E333-8FDC-42A3-9474-1A3956D46DE8}") = "1Task", "1Task", "{C15656FD-CCED-4D19-A8EF-82115C934E1B}"
EndProject
Project("{9A19103F-16F7-4668-BE54-9A1E7A4F7556}") = "1Task", "Sem2\C#\Лаба 2\1Task\1Task\1Task.csproj", "{9A8C156E-EB72-4041-9261-FEB94CA29CEE}"
EndProject
Global
	GlobalSection(SolutionConfigurationPlatforms) = preSolution
		Debug|Any CPU = Debug|Any CPU
		Release|Any CPU = Release|Any CPU
	EndGlobalSection
	GlobalSection(ProjectConfigurationPlatforms) = postSolution
		{E9931FEE-B049-4BB1-BACD-36ED98BD0DA0}.Debug|Any CPU.ActiveCfg = Debug|Any CPU
		{E9931FEE-B049-4BB1-BACD-36ED98BD0DA0}.Debug|Any CPU.Build.0 = Debug|Any CPU
		{E9931FEE-B049-4BB1-BACD-36ED98BD0DA0}.Release|Any CPU.ActiveCfg = Release|Any CPU
		{E9931FEE-B049-4BB1-BACD-36ED98BD0DA0}.Release|Any CPU.Build.0 = Release|Any CPU
		{17227EB7-446A-4F67-AE8E-09D5307830C5}.Debug|Any CPU.ActiveCfg = Debug|Any CPU
		{17227EB7-446A-4F67-AE8E-09D5307830C5}.Debug|Any CPU.Build.0 = Debug|Any CPU
		{17227EB7-446A-4F67-AE8E-09D5307830C5}.Release|Any CPU.ActiveCfg = Release|Any CPU
		{17227EB7-446A-4F67-AE8E-09D5307830C5}.Release|Any CPU.Build.0 = Release|Any CPU
		{44FFF2A5-91FF-4493-ACE3-D5C28787D371}.Debug|Any CPU.ActiveCfg = Debug|Any CPU
		{44FFF2A5-91FF-4493-ACE3-D5C28787D371}.Debug|Any CPU.Build.0 = Debug|Any CPU
		{44FFF2A5-91FF-4493-ACE3-D5C28787D371}.Release|Any CPU.ActiveCfg = Release|Any CPU
		{44FFF2A5-91FF-4493-ACE3-D5C28787D371}.Release|Any CPU.Build.0 = Release|Any CPU
		{2C1F6EDB-5FF0-4631-A261-CBA052FDB526}.Debug|Any CPU.ActiveCfg = Debug|Any CPU
		{2C1F6EDB-5FF0-4631-A261-CBA052FDB526}.Debug|Any CPU.Build.0 = Debug|Any CPU
		{2C1F6EDB-5FF0-4631-A261-CBA052FDB526}.Release|Any CPU.ActiveCfg = Release|Any CPU
		{2C1F6EDB-5FF0-4631-A261-CBA052FDB526}.Release|Any CPU.Build.0 = Release|Any CPU
		{E84770D6-30AE-4AC7-A696-9152BAF2416B}.Debug|Any CPU.ActiveCfg = Debug|Any CPU
		{E84770D6-30AE-4AC7-A696-9152BAF2416B}.Debug|Any CPU.Build.0 = Debug|Any CPU
		{E84770D6-30AE-4AC7-A696-9152BAF2416B}.Release|Any CPU.ActiveCfg = Release|Any CPU
		{E84770D6-30AE-4AC7-A696-9152BAF2416B}.Release|Any CPU.Build.0 = Release|Any CPU
		{A894CD53-9F06-4374-8578-F29DCF0BE8EB}.Debug|Any CPU.ActiveCfg = Debug|Any CPU
		{A894CD53-9F06-4374-8578-F29DCF0BE8EB}.Debug|Any CPU.Build.0 = Debug|Any CPU
		{A894CD53-9F06-4374-8578-F29DCF0BE8EB}.Release|Any CPU.ActiveCfg = Release|Any CPU
		{A894CD53-9F06-4374-8578-F29DCF0BE8EB}.Release|Any CPU.Build.0 = Release|Any CPU
		{98277995-F3BD-4B98-81F1-A8CECD6408E6}.Debug|Any CPU.ActiveCfg = Debug|Any CPU
		{98277995-F3BD-4B98-81F1-A8CECD6408E6}.Debug|Any CPU.Build.0 = Debug|Any CPU
		{98277995-F3BD-4B98-81F1-A8CECD6408E6}.Release|Any CPU.ActiveCfg = Release|Any CPU
		{98277995-F3BD-4B98-81F1-A8CECD6408E6}.Release|Any CPU.Build.0 = Release|Any CPU
		{A34B5605-8114-469F-A6F6-7805D21EF0F2}.Debug|Any CPU.ActiveCfg = Debug|Any CPU
		{A34B5605-8114-469F-A6F6-7805D21EF0F2}.Debug|Any CPU.Build.0 = Debug|Any CPU
		{A34B5605-8114-469F-A6F6-7805D21EF0F2}.Release|Any CPU.ActiveCfg = Release|Any CPU
		{A34B5605-8114-469F-A6F6-7805D21EF0F2}.Release|Any CPU.Build.0 = Release|Any CPU
		{BD6F434D-D08F-40B6-B078-FD0AE77C3EC8}.Debug|Any CPU.ActiveCfg = Debug|Any CPU
		{BD6F434D-D08F-40B6-B078-FD0AE77C3EC8}.Debug|Any CPU.Build.0 = Debug|Any CPU
		{BD6F434D-D08F-40B6-B078-FD0AE77C3EC8}.Release|Any CPU.ActiveCfg = Release|Any CPU
		{BD6F434D-D08F-40B6-B078-FD0AE77C3EC8}.Release|Any CPU.Build.0 = Release|Any CPU
		{15C3FCF2-617C-4A3D-AA15-2F5AC4E6323D}.Debug|Any CPU.ActiveCfg = Debug|Any CPU
		{15C3FCF2-617C-4A3D-AA15-2F5AC4E6323D}.Debug|Any CPU.Build.0 = Debug|Any CPU
		{15C3FCF2-617C-4A3D-AA15-2F5AC4E6323D}.Release|Any CPU.ActiveCfg = Release|Any CPU
		{15C3FCF2-617C-4A3D-AA15-2F5AC4E6323D}.Release|Any CPU.Build.0 = Release|Any CPU
		{C7999D7E-AE23-4EBC-8568-8066487B589B}.Debug|Any CPU.ActiveCfg = Debug|Any CPU
		{C7999D7E-AE23-4EBC-8568-8066487B589B}.Debug|Any CPU.Build.0 = Debug|Any CPU
		{C7999D7E-AE23-4EBC-8568-8066487B589B}.Release|Any CPU.ActiveCfg = Release|Any CPU
		{C7999D7E-AE23-4EBC-8568-8066487B589B}.Release|Any CPU.Build.0 = Release|Any CPU
		{980E2E1A-2041-4D97-8650-807D783B00C3}.Debug|Any CPU.ActiveCfg = Debug|Any CPU
		{980E2E1A-2041-4D97-8650-807D783B00C3}.Debug|Any CPU.Build.0 = Debug|Any CPU
		{980E2E1A-2041-4D97-8650-807D783B00C3}.Release|Any CPU.ActiveCfg = Release|Any CPU
		{980E2E1A-2041-4D97-8650-807D783B00C3}.Release|Any CPU.Build.0 = Release|Any CPU
		{14E477D4-61C9-492F-BDAA-20D87A0D393F}.Debug|Any CPU.ActiveCfg = Debug|Any CPU
		{14E477D4-61C9-492F-BDAA-20D87A0D393F}.Debug|Any CPU.Build.0 = Debug|Any CPU
		{14E477D4-61C9-492F-BDAA-20D87A0D393F}.Release|Any CPU.ActiveCfg = Release|Any CPU
		{14E477D4-61C9-492F-BDAA-20D87A0D393F}.Release|Any CPU.Build.0 = Release|Any CPU
		{C31459FC-6DE6-40E9-818E-A8A2A76CB74B}.Debug|Any CPU.ActiveCfg = Debug|Any CPU
		{C31459FC-6DE6-40E9-818E-A8A2A76CB74B}.Debug|Any CPU.Build.0 = Debug|Any CPU
		{C31459FC-6DE6-40E9-818E-A8A2A76CB74B}.Release|Any CPU.ActiveCfg = Release|Any CPU
		{C31459FC-6DE6-40E9-818E-A8A2A76CB74B}.Release|Any CPU.Build.0 = Release|Any CPU
		{2434467B-56F2-408B-83B2-504CE10C63FE}.Debug|Any CPU.ActiveCfg = Debug|Any CPU
		{2434467B-56F2-408B-83B2-504CE10C63FE}.Debug|Any CPU.Build.0 = Debug|Any CPU
		{2434467B-56F2-408B-83B2-504CE10C63FE}.Release|Any CPU.ActiveCfg = Release|Any CPU
		{2434467B-56F2-408B-83B2-504CE10C63FE}.Release|Any CPU.Build.0 = Release|Any CPU
		{36131F4C-FEFB-4B2E-95BE-2FE42F38A0B9}.Debug|Any CPU.ActiveCfg = Debug|Any CPU
		{36131F4C-FEFB-4B2E-95BE-2FE42F38A0B9}.Debug|Any CPU.Build.0 = Debug|Any CPU
		{36131F4C-FEFB-4B2E-95BE-2FE42F38A0B9}.Release|Any CPU.ActiveCfg = Release|Any CPU
		{36131F4C-FEFB-4B2E-95BE-2FE42F38A0B9}.Release|Any CPU.Build.0 = Release|Any CPU
		{2457687F-B09E-4266-B0A7-9E40055F9369}.Debug|Any CPU.ActiveCfg = Debug|Any CPU
		{2457687F-B09E-4266-B0A7-9E40055F9369}.Debug|Any CPU.Build.0 = Debug|Any CPU
		{2457687F-B09E-4266-B0A7-9E40055F9369}.Release|Any CPU.ActiveCfg = Release|Any CPU
		{2457687F-B09E-4266-B0A7-9E40055F9369}.Release|Any CPU.Build.0 = Release|Any CPU
		{CB29D25F-DE00-42C1-AD4D-98C954A43869}.Debug|Any CPU.ActiveCfg = Debug|Any CPU
		{CB29D25F-DE00-42C1-AD4D-98C954A43869}.Debug|Any CPU.Build.0 = Debug|Any CPU
		{CB29D25F-DE00-42C1-AD4D-98C954A43869}.Release|Any CPU.ActiveCfg = Release|Any CPU
		{CB29D25F-DE00-42C1-AD4D-98C954A43869}.Release|Any CPU.Build.0 = Release|Any CPU
		{D885E9D9-FBC3-45CC-9F8A-C7036AFC563C}.Debug|Any CPU.ActiveCfg = Debug|Any CPU
		{D885E9D9-FBC3-45CC-9F8A-C7036AFC563C}.Debug|Any CPU.Build.0 = Debug|Any CPU
		{D885E9D9-FBC3-45CC-9F8A-C7036AFC563C}.Release|Any CPU.ActiveCfg = Release|Any CPU
		{D885E9D9-FBC3-45CC-9F8A-C7036AFC563C}.Release|Any CPU.Build.0 = Release|Any CPU
		{9A8C156E-EB72-4041-9261-FEB94CA29CEE}.Debug|Any CPU.ActiveCfg = Debug|Any CPU
		{9A8C156E-EB72-4041-9261-FEB94CA29CEE}.Debug|Any CPU.Build.0 = Debug|Any CPU
		{9A8C156E-EB72-4041-9261-FEB94CA29CEE}.Release|Any CPU.ActiveCfg = Release|Any CPU
		{9A8C156E-EB72-4041-9261-FEB94CA29CEE}.Release|Any CPU.Build.0 = Release|Any CPU
	EndGlobalSection
	GlobalSection(SolutionProperties) = preSolution
		HideSolutionNode = FALSE
	EndGlobalSection
	GlobalSection(NestedProjects) = preSolution
		{DFCA0B85-E838-4C51-8ADF-88C6B51057EE} = {2A1FC31F-7237-401C-BA60-A55EA2EA6498}
		{E9931FEE-B049-4BB1-BACD-36ED98BD0DA0} = {DFCA0B85-E838-4C51-8ADF-88C6B51057EE}
		{17227EB7-446A-4F67-AE8E-09D5307830C5} = {DFCA0B85-E838-4C51-8ADF-88C6B51057EE}
		{44FFF2A5-91FF-4493-ACE3-D5C28787D371} = {DFCA0B85-E838-4C51-8ADF-88C6B51057EE}
		{2C1F6EDB-5FF0-4631-A261-CBA052FDB526} = {DFCA0B85-E838-4C51-8ADF-88C6B51057EE}
		{3A3F1E2F-BEE4-4485-AE33-D795F32F9A6A} = {DFCA0B85-E838-4C51-8ADF-88C6B51057EE}
		{E84770D6-30AE-4AC7-A696-9152BAF2416B} = {3A3F1E2F-BEE4-4485-AE33-D795F32F9A6A}
		{A894CD53-9F06-4374-8578-F29DCF0BE8EB} = {3A3F1E2F-BEE4-4485-AE33-D795F32F9A6A}
		{98277995-F3BD-4B98-81F1-A8CECD6408E6} = {3A3F1E2F-BEE4-4485-AE33-D795F32F9A6A}
		{97A40828-6CB3-41B3-A68A-5228F21482C8} = {DFCA0B85-E838-4C51-8ADF-88C6B51057EE}
		{A34B5605-8114-469F-A6F6-7805D21EF0F2} = {97A40828-6CB3-41B3-A68A-5228F21482C8}
		{BD6F434D-D08F-40B6-B078-FD0AE77C3EC8} = {97A40828-6CB3-41B3-A68A-5228F21482C8}
		{CCF65FDC-2D11-48A5-B830-388B79780D51} = {98975E50-F740-4BBC-9870-49DA9084136E}
		{2D641D3A-3162-42A1-8FF4-89226B566418} = {CCF65FDC-2D11-48A5-B830-388B79780D51}
		{D1C06116-1F2D-467E-8C93-B61FE0270A13} = {2D641D3A-3162-42A1-8FF4-89226B566418}
		{15C3FCF2-617C-4A3D-AA15-2F5AC4E6323D} = {D1C06116-1F2D-467E-8C93-B61FE0270A13}
		{276D51A6-2F95-4C62-B31C-3E21A354CAF2} = {CCF65FDC-2D11-48A5-B830-388B79780D51}
		{7CFD6394-06CB-4BEE-8963-FF67059B6396} = {276D51A6-2F95-4C62-B31C-3E21A354CAF2}
		{C7999D7E-AE23-4EBC-8568-8066487B589B} = {7CFD6394-06CB-4BEE-8963-FF67059B6396}
		{980E2E1A-2041-4D97-8650-807D783B00C3} = {7CFD6394-06CB-4BEE-8963-FF67059B6396}
		{14E477D4-61C9-492F-BDAA-20D87A0D393F} = {7CFD6394-06CB-4BEE-8963-FF67059B6396}
		{5C51AAF7-7608-46E3-83EB-0D6AD62C6F09} = {CCF65FDC-2D11-48A5-B830-388B79780D51}
		{B5771BBA-AE31-42A6-B832-658CF390D260} = {5C51AAF7-7608-46E3-83EB-0D6AD62C6F09}
		{C31459FC-6DE6-40E9-818E-A8A2A76CB74B} = {B5771BBA-AE31-42A6-B832-658CF390D260}
		{9D687776-81C8-4965-BFAE-43248607C937} = {CCF65FDC-2D11-48A5-B830-388B79780D51}
		{2A33DF19-C50A-48F6-BC97-CFBEF6575D16} = {9D687776-81C8-4965-BFAE-43248607C937}
		{2434467B-56F2-408B-83B2-504CE10C63FE} = {2A33DF19-C50A-48F6-BC97-CFBEF6575D16}
		{40C578F9-663E-4B75-A9F8-3C75D33AF6CD} = {CCF65FDC-2D11-48A5-B830-388B79780D51}
		{04DA27D5-E6B3-4DA3-A757-770D6990C5E4} = {40C578F9-663E-4B75-A9F8-3C75D33AF6CD}
		{36131F4C-FEFB-4B2E-95BE-2FE42F38A0B9} = {04DA27D5-E6B3-4DA3-A757-770D6990C5E4}
		{77D4D74C-8421-49BC-BF84-5CDBA8975EE0} = {CCF65FDC-2D11-48A5-B830-388B79780D51}
		{740AEB21-95EE-468F-953F-2C7C328E46C8} = {77D4D74C-8421-49BC-BF84-5CDBA8975EE0}
		{2457687F-B09E-4266-B0A7-9E40055F9369} = {740AEB21-95EE-468F-953F-2C7C328E46C8}
		{3B8BCAA4-B757-4D6E-9EB4-6F4681174A5D} = {CCF65FDC-2D11-48A5-B830-388B79780D51}
		{ABE4AB0A-EAE0-4239-8AD6-5B9A7F69038D} = {3B8BCAA4-B757-4D6E-9EB4-6F4681174A5D}
		{CB29D25F-DE00-42C1-AD4D-98C954A43869} = {ABE4AB0A-EAE0-4239-8AD6-5B9A7F69038D}
		{4F1F2A46-0D4B-41FD-8E4A-767AE9A11388} = {CCF65FDC-2D11-48A5-B830-388B79780D51}
		{CFA8B67E-9D74-4C84-8AEF-392F2CB1AB56} = {4F1F2A46-0D4B-41FD-8E4A-767AE9A11388}
		{D885E9D9-FBC3-45CC-9F8A-C7036AFC563C} = {CFA8B67E-9D74-4C84-8AEF-392F2CB1AB56}
		{C15656FD-CCED-4D19-A8EF-82115C934E1B} = {4F1F2A46-0D4B-41FD-8E4A-767AE9A11388}
		{9A8C156E-EB72-4041-9261-FEB94CA29CEE} = {C15656FD-CCED-4D19-A8EF-82115C934E1B}
	EndGlobalSection
	GlobalSection(ExtensibilityGlobals) = postSolution
		SolutionGuid = {3FCCB5E6-F4DC-4575-9332-2FE6E47D7F9D}
	EndGlobalSection
EndGlobal
